Microsoft Visual Studio Solution File, Format Version 12.00
# Visual Studio Version 17
VisualStudioVersion = 17.13.35825.156
MinimumVisualStudioVersion = 10.0.40219.1
Project("{FAE04EC0-301F-11D3-BF4B-00C04F79EFBC}") = "SystemOfStrangerThings", "SystemOfStrangerThings\SystemOfStrangerThings.csproj", "{882AFB4E-A32A-4284-8BD3-62CCEA0C9B99}"
EndProject
Global
	GlobalSection(SolutionConfigurationPlatforms) = preSolution
		Debug|Any CPU = Debug|Any CPU
		Release|Any CPU = Release|Any CPU
	EndGlobalSection
	GlobalSection(ProjectConfigurationPlatforms) = postSolution
		{882AFB4E-A32A-4284-8BD3-62CCEA0C9B99}.Debug|Any CPU.ActiveCfg = Debug|Any CPU
		{882AFB4E-A32A-4284-8BD3-62CCEA0C9B99}.Debug|Any CPU.Build.0 = Debug|Any CPU
		{882AFB4E-A32A-4284-8BD3-62CCEA0C9B99}.Release|Any CPU.ActiveCfg = Release|Any CPU
		{882AFB4E-A32A-4284-8BD3-62CCEA0C9B99}.Release|Any CPU.Build.0 = Release|Any CPU
	EndGlobalSection
	GlobalSection(SolutionProperties) = preSolution
		HideSolutionNode = FALSE
	EndGlobalSection
	GlobalSection(ExtensibilityGlobals) = postSolution
		SolutionGuid = {F62393B2-3678-41C4-AA9F-DF7B106AF496}
	EndGlobalSection
EndGlobal
